
Microsoft Visual Studio Solution File, Format Version 12.00
# Visual Studio Version 17
VisualStudioVersion = 17.4.33122.133
MinimumVisualStudioVersion = 10.0.40219.1
Project("{FAE04EC0-301F-11D3-BF4B-00C04F79EFBC}") = "HW5.5_ShayanMadahi_mk97", "HW5.5_ShayanMadahi_mk97\HW5.5_ShayanMadahi_mk97.csproj", "{DA353617-5893-460C-8D45-CEDFEE70D784}"
EndProject
Global
	GlobalSection(SolutionConfigurationPlatforms) = preSolution
		Debug|Any CPU = Debug|Any CPU
		Release|Any CPU = Release|Any CPU
	EndGlobalSection
	GlobalSection(ProjectConfigurationPlatforms) = postSolution
		{DA353617-5893-460C-8D45-CEDFEE70D784}.Debug|Any CPU.ActiveCfg = Debug|Any CPU
		{DA353617-5893-460C-8D45-CEDFEE70D784}.Debug|Any CPU.Build.0 = Debug|Any CPU
		{DA353617-5893-460C-8D45-CEDFEE70D784}.Release|Any CPU.ActiveCfg = Release|Any CPU
		{DA353617-5893-460C-8D45-CEDFEE70D784}.Release|Any CPU.Build.0 = Release|Any CPU
	EndGlobalSection
	GlobalSection(SolutionProperties) = preSolution
		HideSolutionNode = FALSE
	EndGlobalSection
	GlobalSection(ExtensibilityGlobals) = postSolution
		SolutionGuid = {8BFC0328-B4FF-476F-A596-EDC8C6F9EFFD}
	EndGlobalSection
EndGlobal
